
Microsoft Visual Studio Solution File, Format Version 12.00
# Visual Studio Version 17
VisualStudioVersion = 17.10.35013.160
MinimumVisualStudioVersion = 10.0.40219.1
Project("{9A19103F-16F7-4668-BE54-9A1E7A4F7556}") = "SuggestionSiteUI", "SuggestionSiteUI\SuggestionSiteUI.csproj", "{0BD70062-A9F3-46F5-A01D-8BFF92434C19}"
EndProject
Project("{9A19103F-16F7-4668-BE54-9A1E7A4F7556}") = "SuggestionSiteLib", "SuggestionSiteLib\SuggestionSiteLib.csproj", "{98A21A23-2B7D-4B98-8596-1080F907F9DE}"
EndProject
Global
	GlobalSection(SolutionConfigurationPlatforms) = preSolution
		Debug|Any CPU = Debug|Any CPU
		Release|Any CPU = Release|Any CPU
	EndGlobalSection
	GlobalSection(ProjectConfigurationPlatforms) = postSolution
		{0BD70062-A9F3-46F5-A01D-8BFF92434C19}.Debug|Any CPU.ActiveCfg = Debug|Any CPU
		{0BD70062-A9F3-46F5-A01D-8BFF92434C19}.Debug|Any CPU.Build.0 = Debug|Any CPU
		{0BD70062-A9F3-46F5-A01D-8BFF92434C19}.Release|Any CPU.ActiveCfg = Release|Any CPU
		{0BD70062-A9F3-46F5-A01D-8BFF92434C19}.Release|Any CPU.Build.0 = Release|Any CPU
		{98A21A23-2B7D-4B98-8596-1080F907F9DE}.Debug|Any CPU.ActiveCfg = Debug|Any CPU
		{98A21A23-2B7D-4B98-8596-1080F907F9DE}.Debug|Any CPU.Build.0 = Debug|Any CPU
		{98A21A23-2B7D-4B98-8596-1080F907F9DE}.Release|Any CPU.ActiveCfg = Release|Any CPU
		{98A21A23-2B7D-4B98-8596-1080F907F9DE}.Release|Any CPU.Build.0 = Release|Any CPU
	EndGlobalSection
	GlobalSection(SolutionProperties) = preSolution
		HideSolutionNode = FALSE
	EndGlobalSection
	GlobalSection(ExtensibilityGlobals) = postSolution
		SolutionGuid = {E0D53DD7-A119-4088-B1D3-12CFF705BFDE}
	EndGlobalSection
EndGlobal
